// !$*UTF8*$!
{
	archiveVersion = 1;
	classes = {
	};
	objectVersion = 46;
	objects = {

/* Begin PBXBuildFile section */
		66436E0218E1BBD1009D9180 /* Foundation.framework in Frameworks */ = {isa = PBXBuildFile; fileRef = 66436E0118E1BBD1009D9180 /* Foundation.framework */; };
		66436E0418E1BBD1009D9180 /* CoreGraphics.framework in Frameworks */ = {isa = PBXBuildFile; fileRef = 66436E0318E1BBD1009D9180 /* CoreGraphics.framework */; };
		66436E0618E1BBD1009D9180 /* UIKit.framework in Frameworks */ = {isa = PBXBuildFile; fileRef = 66436E0518E1BBD1009D9180 /* UIKit.framework */; };
		66436E0C18E1BBD1009D9180 /* InfoPlist.strings in Resources */ = {isa = PBXBuildFile; fileRef = 66436E0A18E1BBD1009D9180 /* InfoPlist.strings */; };
		66436E0E18E1BBD1009D9180 /* main.m in Sources */ = {isa = PBXBuildFile; fileRef = 66436E0D18E1BBD1009D9180 /* main.m */; };
		66436E1218E1BBD1009D9180 /* AMBAppDelegate.m in Sources */ = {isa = PBXBuildFile; fileRef = 66436E1118E1BBD1009D9180 /* AMBAppDelegate.m */; };
		66436E1518E1BBD1009D9180 /* Main_iPhone.storyboard in Resources */ = {isa = PBXBuildFile; fileRef = 66436E1318E1BBD1009D9180 /* Main_iPhone.storyboard */; };
		66436E1818E1BBD1009D9180 /* Main_iPad.storyboard in Resources */ = {isa = PBXBuildFile; fileRef = 66436E1618E1BBD1009D9180 /* Main_iPad.storyboard */; };
		66436E1B18E1BBD1009D9180 /* AMBViewController.m in Sources */ = {isa = PBXBuildFile; fileRef = 66436E1A18E1BBD1009D9180 /* AMBViewController.m */; };
		66436E1D18E1BBD1009D9180 /* Images.xcassets in Resources */ = {isa = PBXBuildFile; fileRef = 66436E1C18E1BBD1009D9180 /* Images.xcassets */; };
		66436E2418E1BBD1009D9180 /* XCTest.framework in Frameworks */ = {isa = PBXBuildFile; fileRef = 66436E2318E1BBD1009D9180 /* XCTest.framework */; };
		66436E2518E1BBD1009D9180 /* Foundation.framework in Frameworks */ = {isa = PBXBuildFile; fileRef = 66436E0118E1BBD1009D9180 /* Foundation.framework */; };
		66436E2618E1BBD1009D9180 /* UIKit.framework in Frameworks */ = {isa = PBXBuildFile; fileRef = 66436E0518E1BBD1009D9180 /* UIKit.framework */; };
		66436E2E18E1BBD1009D9180 /* InfoPlist.strings in Resources */ = {isa = PBXBuildFile; fileRef = 66436E2C18E1BBD1009D9180 /* InfoPlist.strings */; };
		66436E3018E1BBD1009D9180 /* iBeaconDemoTests.m in Sources */ = {isa = PBXBuildFile; fileRef = 66436E2F18E1BBD1009D9180 /* iBeaconDemoTests.m */; };
		66436E3B18E1BC0E009D9180 /* AMBBeaconManager.m in Sources */ = {isa = PBXBuildFile; fileRef = 66436E3A18E1BC0E009D9180 /* AMBBeaconManager.m */; };
		66436E3D18E1BC47009D9180 /* CoreBluetooth.framework in Frameworks */ = {isa = PBXBuildFile; fileRef = 66436E3C18E1BC47009D9180 /* CoreBluetooth.framework */; };
		66436E3F18E1BC51009D9180 /* CoreLocation.framework in Frameworks */ = {isa = PBXBuildFile; fileRef = 66436E3E18E1BC51009D9180 /* CoreLocation.framework */; };
/* End PBXBuildFile section */

/* Begin PBXContainerItemProxy section */
		66436E2718E1BBD1009D9180 /* PBXContainerItemProxy */ = {
			isa = PBXContainerItemProxy;
			containerPortal = 66436DF618E1BBD1009D9180 /* Project object */;
			proxyType = 1;
			remoteGlobalIDString = 66436DFD18E1BBD1009D9180;
			remoteInfo = iBeaconDemo;
		};
/* End PBXContainerItemProxy section */

/* Begin PBXFileReference section */
		66436DFE18E1BBD1009D9180 /* iBeaconDemo.app */ = {isa = PBXFileReference; explicitFileType = wrapper.application; includeInIndex = 0; path = iBeaconDemo.app; sourceTree = BUILT_PRODUCTS_DIR; };
		66436E0118E1BBD1009D9180 /* Foundation.framework */ = {isa = PBXFileReference; lastKnownFileType = wrapper.framework; name = Foundation.framework; path = System/Library/Frameworks/Foundation.framework; sourceTree = SDKROOT; };
		66436E0318E1BBD1009D9180 /* CoreGraphics.framework */ = {isa = PBXFileReference; lastKnownFileType = wrapper.framework; name = CoreGraphics.framework; path = System/Library/Frameworks/CoreGraphics.framework; sourceTree = SDKROOT; };
		66436E0518E1BBD1009D9180 /* UIKit.framework */ = {isa = PBXFileReference; lastKnownFileType = wrapper.framework; name = UIKit.framework; path = System/Library/Frameworks/UIKit.framework; sourceTree = SDKROOT; };
		66436E0918E1BBD1009D9180 /* iBeaconDemo-Info.plist */ = {isa = PBXFileReference; lastKnownFileType = text.plist.xml; path = "iBeaconDemo-Info.plist"; sourceTree = "<group>"; };
		66436E0B18E1BBD1009D9180 /* en */ = {isa = PBXFileReference; lastKnownFileType = text.plist.strings; name = en; path = en.lproj/InfoPlist.strings; sourceTree = "<group>"; };
		66436E0D18E1BBD1009D9180 /* main.m */ = {isa = PBXFileReference; lastKnownFileType = sourcecode.c.objc; path = main.m; sourceTree = "<group>"; };
		66436E0F18E1BBD1009D9180 /* iBeaconDemo-Prefix.pch */ = {isa = PBXFileReference; lastKnownFileType = sourcecode.c.h; path = "iBeaconDemo-Prefix.pch"; sourceTree = "<group>"; };
		66436E1018E1BBD1009D9180 /* AMBAppDelegate.h */ = {isa = PBXFileReference; lastKnownFileType = sourcecode.c.h; path = AMBAppDelegate.h; sourceTree = "<group>"; };
		66436E1118E1BBD1009D9180 /* AMBAppDelegate.m */ = {isa = PBXFileReference; lastKnownFileType = sourcecode.c.objc; path = AMBAppDelegate.m; sourceTree = "<group>"; };
		66436E1418E1BBD1009D9180 /* Base */ = {isa = PBXFileReference; lastKnownFileType = file.storyboard; name = Base; path = Base.lproj/Main_iPhone.storyboard; sourceTree = "<group>"; };
		66436E1718E1BBD1009D9180 /* Base */ = {isa = PBXFileReference; lastKnownFileType = file.storyboard; name = Base; path = Base.lproj/Main_iPad.storyboard; sourceTree = "<group>"; };
		66436E1918E1BBD1009D9180 /* AMBViewController.h */ = {isa = PBXFileReference; lastKnownFileType = sourcecode.c.h; path = AMBViewController.h; sourceTree = "<group>"; };
		66436E1A18E1BBD1009D9180 /* AMBViewController.m */ = {isa = PBXFileReference; lastKnownFileType = sourcecode.c.objc; path = AMBViewController.m; sourceTree = "<group>"; };
		66436E1C18E1BBD1009D9180 /* Images.xcassets */ = {isa = PBXFileReference; lastKnownFileType = folder.assetcatalog; path = Images.xcassets; sourceTree = "<group>"; };
		66436E2218E1BBD1009D9180 /* iBeaconDemoTests.xctest */ = {isa = PBXFileReference; explicitFileType = wrapper.cfbundle; includeInIndex = 0; path = iBeaconDemoTests.xctest; sourceTree = BUILT_PRODUCTS_DIR; };
		66436E2318E1BBD1009D9180 /* XCTest.framework */ = {isa = PBXFileReference; lastKnownFileType = wrapper.framework; name = XCTest.framework; path = Library/Frameworks/XCTest.framework; sourceTree = DEVELOPER_DIR; };
		66436E2B18E1BBD1009D9180 /* iBeaconDemoTests-Info.plist */ = {isa = PBXFileReference; lastKnownFileType = text.plist.xml; path = "iBeaconDemoTests-Info.plist"; sourceTree = "<group>"; };
		66436E2D18E1BBD1009D9180 /* en */ = {isa = PBXFileReference; lastKnownFileType = text.plist.strings; name = en; path = en.lproj/InfoPlist.strings; sourceTree = "<group>"; };
		66436E2F18E1BBD1009D9180 /* iBeaconDemoTests.m */ = {isa = PBXFileReference; lastKnownFileType = sourcecode.c.objc; path = iBeaconDemoTests.m; sourceTree = "<group>"; };
		66436E3918E1BC0E009D9180 /* AMBBeaconManager.h */ = {isa = PBXFileReference; fileEncoding = 4; lastKnownFileType = sourcecode.c.h; path = AMBBeaconManager.h; sourceTree = "<group>"; };
		66436E3A18E1BC0E009D9180 /* AMBBeaconManager.m */ = {isa = PBXFileReference; fileEncoding = 4; lastKnownFileType = sourcecode.c.objc; path = AMBBeaconManager.m; sourceTree = "<group>"; };
		66436E3C18E1BC47009D9180 /* CoreBluetooth.framework */ = {isa = PBXFileReference; lastKnownFileType = wrapper.framework; name = CoreBluetooth.framework; path = System/Library/Frameworks/CoreBluetooth.framework; sourceTree = SDKROOT; };
		66436E3E18E1BC51009D9180 /* CoreLocation.framework */ = {isa = PBXFileReference; lastKnownFileType = wrapper.framework; name = CoreLocation.framework; path = System/Library/Frameworks/CoreLocation.framework; sourceTree = SDKROOT; };
/* End PBXFileReference section */

/* Begin PBXFrameworksBuildPhase section */
		66436DFB18E1BBD1009D9180 /* Frameworks */ = {
			isa = PBXFrameworksBuildPhase;
			buildActionMask = 2147483647;
			files = (
				66436E3F18E1BC51009D9180 /* CoreLocation.framework in Frameworks */,
				66436E3D18E1BC47009D9180 /* CoreBluetooth.framework in Frameworks */,
				66436E0418E1BBD1009D9180 /* CoreGraphics.framework in Frameworks */,
				66436E0618E1BBD1009D9180 /* UIKit.framework in Frameworks */,
				66436E0218E1BBD1009D9180 /* Foundation.framework in Frameworks */,
			);
			runOnlyForDeploymentPostprocessing = 0;
		};
		66436E1F18E1BBD1009D9180 /* Frameworks */ = {
			isa = PBXFrameworksBuildPhase;
			buildActionMask = 2147483647;
			files = (
				66436E2418E1BBD1009D9180 /* XCTest.framework in Frameworks */,
				66436E2618E1BBD1009D9180 /* UIKit.framework in Frameworks */,
				66436E2518E1BBD1009D9180 /* Foundation.framework in Frameworks */,
			);
			runOnlyForDeploymentPostprocessing = 0;
		};
/* End PBXFrameworksBuildPhase section */

/* Begin PBXGroup section */
		66436DF518E1BBD1009D9180 = {
			isa = PBXGroup;
			children = (
				66436E0718E1BBD1009D9180 /* iBeaconDemo */,
				66436E2918E1BBD1009D9180 /* iBeaconDemoTests */,
				66436E0018E1BBD1009D9180 /* Frameworks */,
				66436DFF18E1BBD1009D9180 /* Products */,
			);
			sourceTree = "<group>";
		};
		66436DFF18E1BBD1009D9180 /* Products */ = {
			isa = PBXGroup;
			children = (
				66436DFE18E1BBD1009D9180 /* iBeaconDemo.app */,
				66436E2218E1BBD1009D9180 /* iBeaconDemoTests.xctest */,
			);
			name = Products;
			sourceTree = "<group>";
		};
		66436E0018E1BBD1009D9180 /* Frameworks */ = {
			isa = PBXGroup;
			children = (
				66436E3E18E1BC51009D9180 /* CoreLocation.framework */,
				66436E3C18E1BC47009D9180 /* CoreBluetooth.framework */,
				66436E0118E1BBD1009D9180 /* Foundation.framework */,
				66436E0318E1BBD1009D9180 /* CoreGraphics.framework */,
				66436E0518E1BBD1009D9180 /* UIKit.framework */,
				66436E2318E1BBD1009D9180 /* XCTest.framework */,
			);
			name = Frameworks;
			sourceTree = "<group>";
		};
		66436E0718E1BBD1009D9180 /* iBeaconDemo */ = {
			isa = PBXGroup;
			children = (
				66436E1018E1BBD1009D9180 /* AMBAppDelegate.h */,
				66436E3918E1BC0E009D9180 /* AMBBeaconManager.h */,
				66436E3A18E1BC0E009D9180 /* AMBBeaconManager.m */,
				66436E1118E1BBD1009D9180 /* AMBAppDelegate.m */,
				66436E1318E1BBD1009D9180 /* Main_iPhone.storyboard */,
				66436E1618E1BBD1009D9180 /* Main_iPad.storyboard */,
				66436E1918E1BBD1009D9180 /* AMBViewController.h */,
				66436E1A18E1BBD1009D9180 /* AMBViewController.m */,
				66436E1C18E1BBD1009D9180 /* Images.xcassets */,
				66436E0818E1BBD1009D9180 /* Supporting Files */,
			);
			path = iBeaconDemo;
			sourceTree = "<group>";
		};
		66436E0818E1BBD1009D9180 /* Supporting Files */ = {
			isa = PBXGroup;
			children = (
				66436E0918E1BBD1009D9180 /* iBeaconDemo-Info.plist */,
				66436E0A18E1BBD1009D9180 /* InfoPlist.strings */,
				66436E0D18E1BBD1009D9180 /* main.m */,
				66436E0F18E1BBD1009D9180 /* iBeaconDemo-Prefix.pch */,
			);
			name = "Supporting Files";
			sourceTree = "<group>";
		};
		66436E2918E1BBD1009D9180 /* iBeaconDemoTests */ = {
			isa = PBXGroup;
			children = (
				66436E2F18E1BBD1009D9180 /* iBeaconDemoTests.m */,
				66436E2A18E1BBD1009D9180 /* Supporting Files */,
			);
			path = iBeaconDemoTests;
			sourceTree = "<group>";
		};
		66436E2A18E1BBD1009D9180 /* Supporting Files */ = {
			isa = PBXGroup;
			children = (
				66436E2B18E1BBD1009D9180 /* iBeaconDemoTests-Info.plist */,
				66436E2C18E1BBD1009D9180 /* InfoPlist.strings */,
			);
			name = "Supporting Files";
			sourceTree = "<group>";
		};
/* End PBXGroup section */

/* Begin PBXNativeTarget section */
		66436DFD18E1BBD1009D9180 /* iBeaconDemo */ = {
			isa = PBXNativeTarget;
			buildConfigurationList = 66436E3318E1BBD1009D9180 /* Build configuration list for PBXNativeTarget "iBeaconDemo" */;
			buildPhases = (
				66436DFA18E1BBD1009D9180 /* Sources */,
				66436DFB18E1BBD1009D9180 /* Frameworks */,
				66436DFC18E1BBD1009D9180 /* Resources */,
			);
			buildRules = (
			);
			dependencies = (
			);
			name = iBeaconDemo;
			productName = iBeaconDemo;
			productReference = 66436DFE18E1BBD1009D9180 /* iBeaconDemo.app */;
			productType = "com.apple.product-type.application";
		};
		66436E2118E1BBD1009D9180 /* iBeaconDemoTests */ = {
			isa = PBXNativeTarget;
			buildConfigurationList = 66436E3618E1BBD1009D9180 /* Build configuration list for PBXNativeTarget "iBeaconDemoTests" */;
			buildPhases = (
				66436E1E18E1BBD1009D9180 /* Sources */,
				66436E1F18E1BBD1009D9180 /* Frameworks */,
				66436E2018E1BBD1009D9180 /* Resources */,
			);
			buildRules = (
			);
			dependencies = (
				66436E2818E1BBD1009D9180 /* PBXTargetDependency */,
			);
			name = iBeaconDemoTests;
			productName = iBeaconDemoTests;
			productReference = 66436E2218E1BBD1009D9180 /* iBeaconDemoTests.xctest */;
			productType = "com.apple.product-type.bundle.unit-test";
		};
/* End PBXNativeTarget section */

/* Begin PBXProject section */
		66436DF618E1BBD1009D9180 /* Project object */ = {
			isa = PBXProject;
			attributes = {
				CLASSPREFIX = AMB;
				LastUpgradeCheck = 0510;
				ORGANIZATIONNAME = "Adam Bulmer";
				TargetAttributes = {
					66436E2118E1BBD1009D9180 = {
						TestTargetID = 66436DFD18E1BBD1009D9180;
					};
				};
			};
			buildConfigurationList = 66436DF918E1BBD1009D9180 /* Build configuration list for PBXProject "iBeaconDemo" */;
			compatibilityVersion = "Xcode 3.2";
			developmentRegion = English;
			hasScannedForEncodings = 0;
			knownRegions = (
				en,
				Base,
			);
			mainGroup = 66436DF518E1BBD1009D9180;
			productRefGroup = 66436DFF18E1BBD1009D9180 /* Products */;
			projectDirPath = "";
			projectRoot = "";
			targets = (
				66436DFD18E1BBD1009D9180 /* iBeaconDemo */,
				66436E2118E1BBD1009D9180 /* iBeaconDemoTests */,
			);
		};
/* End PBXProject section */

/* Begin PBXResourcesBuildPhase section */
		66436DFC18E1BBD1009D9180 /* Resources */ = {
			isa = PBXResourcesBuildPhase;
			buildActionMask = 2147483647;
			files = (
				66436E1818E1BBD1009D9180 /* Main_iPad.storyboard in Resources */,
				66436E1D18E1BBD1009D9180 /* Images.xcassets in Resources */,
				66436E1518E1BBD1009D9180 /* Main_iPhone.storyboard in Resources */,
				66436E0C18E1BBD1009D9180 /* InfoPlist.strings in Resources */,
			);
			runOnlyForDeploymentPostprocessing = 0;
		};
		66436E2018E1BBD1009D9180 /* Resources */ = {
			isa = PBXResourcesBuildPhase;
			buildActionMask = 2147483647;
			files = (
				66436E2E18E1BBD1009D9180 /* InfoPlist.strings in Resources */,
			);
			runOnlyForDeploymentPostprocessing = 0;
		};
/* End PBXResourcesBuildPhase section */

/* Begin PBXSourcesBuildPhase section */
		66436DFA18E1BBD1009D9180 /* Sources */ = {
			isa = PBXSourcesBuildPhase;
			buildActionMask = 2147483647;
			files = (
				66436E3B18E1BC0E009D9180 /* AMBBeaconManager.m in Sources */,
				66436E0E18E1BBD1009D9180 /* main.m in Sources */,
				66436E1218E1BBD1009D9180 /* AMBAppDelegate.m in Sources */,
				66436E1B18E1BBD1009D9180 /* AMBViewController.m in Sources */,
			);
			runOnlyForDeploymentPostprocessing = 0;
		};
		66436E1E18E1BBD1009D9180 /* Sources */ = {
			isa = PBXSourcesBuildPhase;
			buildActionMask = 2147483647;
			files = (
				66436E3018E1BBD1009D9180 /* iBeaconDemoTests.m in Sources */,
			);
			runOnlyForDeploymentPostprocessing = 0;
		};
/* End PBXSourcesBuildPhase section */

/* Begin PBXTargetDependency section */
		66436E2818E1BBD1009D9180 /* PBXTargetDependency */ = {
			isa = PBXTargetDependency;
			target = 66436DFD18E1BBD1009D9180 /* iBeaconDemo */;
			targetProxy = 66436E2718E1BBD1009D9180 /* PBXContainerItemProxy */;
		};
/* End PBXTargetDependency section */

/* Begin PBXVariantGroup section */
		66436E0A18E1BBD1009D9180 /* InfoPlist.strings */ = {
			isa = PBXVariantGroup;
			children = (
				66436E0B18E1BBD1009D9180 /* en */,
			);
			name = InfoPlist.strings;
			sourceTree = "<group>";
		};
		66436E1318E1BBD1009D9180 /* Main_iPhone.storyboard */ = {
			isa = PBXVariantGroup;
			children = (
				66436E1418E1BBD1009D9180 /* Base */,
			);
			name = Main_iPhone.storyboard;
			sourceTree = "<group>";
		};
		66436E1618E1BBD1009D9180 /* Main_iPad.storyboard */ = {
			isa = PBXVariantGroup;
			children = (
				66436E1718E1BBD1009D9180 /* Base */,
			);
			name = Main_iPad.storyboard;
			sourceTree = "<group>";
		};
		66436E2C18E1BBD1009D9180 /* InfoPlist.strings */ = {
			isa = PBXVariantGroup;
			children = (
				66436E2D18E1BBD1009D9180 /* en */,
			);
			name = InfoPlist.strings;
			sourceTree = "<group>";
		};
/* End PBXVariantGroup section */

/* Begin XCBuildConfiguration section */
		66436E3118E1BBD1009D9180 /* Debug */ = {
			isa = XCBuildConfiguration;
			buildSettings = {
				ALWAYS_SEARCH_USER_PATHS = NO;
				CLANG_CXX_LANGUAGE_STANDARD = "gnu++0x";
				CLANG_CXX_LIBRARY = "libc++";
				CLANG_ENABLE_MODULES = YES;
				CLANG_ENABLE_OBJC_ARC = YES;
				CLANG_WARN_BOOL_CONVERSION = YES;
				CLANG_WARN_CONSTANT_CONVERSION = YES;
				CLANG_WARN_DIRECT_OBJC_ISA_USAGE = YES_ERROR;
				CLANG_WARN_EMPTY_BODY = YES;
				CLANG_WARN_ENUM_CONVERSION = YES;
				CLANG_WARN_INT_CONVERSION = YES;
				CLANG_WARN_OBJC_ROOT_CLASS = YES_ERROR;
				CLANG_WARN__DUPLICATE_METHOD_MATCH = YES;
				"CODE_SIGN_IDENTITY[sdk=iphoneos*]" = "iPhone Developer";
				COPY_PHASE_STRIP = NO;
				GCC_C_LANGUAGE_STANDARD = gnu99;
				GCC_DYNAMIC_NO_PIC = NO;
				GCC_OPTIMIZATION_LEVEL = 0;
				GCC_PREPROCESSOR_DEFINITIONS = (
					"DEBUG=1",
					"$(inherited)",
				);
				GCC_SYMBOLS_PRIVATE_EXTERN = NO;
				GCC_WARN_64_TO_32_BIT_CONVERSION = YES;
				GCC_WARN_ABOUT_RETURN_TYPE = YES_ERROR;
				GCC_WARN_UNDECLARED_SELECTOR = YES;
				GCC_WARN_UNINITIALIZED_AUTOS = YES_AGGRESSIVE;
				GCC_WARN_UNUSED_FUNCTION = YES;
				GCC_WARN_UNUSED_VARIABLE = YES;
				IPHONEOS_DEPLOYMENT_TARGET = 7.1;
				ONLY_ACTIVE_ARCH = YES;
				SDKROOT = iphoneos;
				TARGETED_DEVICE_FAMILY = "1,2";
			};
			name = Debug;
		};
		66436E3218E1BBD1009D9180 /* Release */ = {
			isa = XCBuildConfiguration;
			buildSettings = {
				ALWAYS_SEARCH_USER_PATHS = NO;
				CLANG_CXX_LANGUAGE_STANDARD = "gnu++0x";
				CLANG_CXX_LIBRARY = "libc++";
				CLANG_ENABLE_MODULES = YES;
				CLANG_ENABLE_OBJC_ARC = YES;
				CLANG_WARN_BOOL_CONVERSION = YES;
				CLANG_WARN_CONSTANT_CONVERSION = YES;
				CLANG_WARN_DIRECT_OBJC_ISA_USAGE = YES_ERROR;
				CLANG_WARN_EMPTY_BODY = YES;
				CLANG_WARN_ENUM_CONVERSION = YES;
				CLANG_WARN_INT_CONVERSION = YES;
				CLANG_WARN_OBJC_ROOT_CLASS = YES_ERROR;
				CLANG_WARN__DUPLICATE_METHOD_MATCH = YES;
				"CODE_SIGN_IDENTITY[sdk=iphoneos*]" = "iPhone Developer";
				COPY_PHASE_STRIP = YES;
				ENABLE_NS_ASSERTIONS = NO;
				GCC_C_LANGUAGE_STANDARD = gnu99;
				GCC_WARN_64_TO_32_BIT_CONVERSION = YES;
				GCC_WARN_ABOUT_RETURN_TYPE = YES_ERROR;
				GCC_WARN_UNDECLARED_SELECTOR = YES;
				GCC_WARN_UNINITIALIZED_AUTOS = YES_AGGRESSIVE;
				GCC_WARN_UNUSED_FUNCTION = YES;
				GCC_WARN_UNUSED_VARIABLE = YES;
				IPHONEOS_DEPLOYMENT_TARGET = 7.1;
				SDKROOT = iphoneos;
				TARGETED_DEVICE_FAMILY = "1,2";
				VALIDATE_PRODUCT = YES;
			};
			name = Release;
		};
		66436E3418E1BBD1009D9180 /* Debug */ = {
			isa = XCBuildConfiguration;
			buildSettings = {
				ASSETCATALOG_COMPILER_APPICON_NAME = AppIcon;
				ASSETCATALOG_COMPILER_LAUNCHIMAGE_NAME = LaunchImage;
				GCC_PRECOMPILE_PREFIX_HEADER = YES;
				GCC_PREFIX_HEADER = "iBeaconDemo/iBeaconDemo-Prefix.pch";
				INFOPLIST_FILE = "iBeaconDemo/iBeaconDemo-Info.plist";
				PRODUCT_NAME = "$(TARGET_NAME)";
				WRAPPER_EXTENSION = app;
			};
			name = Debug;
		};
		66436E3518E1BBD1009D9180 /* Release */ = {
			isa = XCBuildConfiguration;
			buildSettings = {
				ASSETCATALOG_COMPILER_APPICON_NAME = AppIcon;
				ASSETCATALOG_COMPILER_LAUNCHIMAGE_NAME = LaunchImage;
				GCC_PRECOMPILE_PREFIX_HEADER = YES;
				GCC_PREFIX_HEADER = "iBeaconDemo/iBeaconDemo-Prefix.pch";
				INFOPLIST_FILE = "iBeaconDemo/iBeaconDemo-Info.plist";
				PRODUCT_NAME = "$(TARGET_NAME)";
				WRAPPER_EXTENSION = app;
			};
			name = Release;
		};
		66436E3718E1BBD1009D9180 /* Debug */ = {
			isa = XCBuildConfiguration;
			buildSettings = {
				BUNDLE_LOADER = "$(BUILT_PRODUCTS_DIR)/iBeaconDemo.app/iBeaconDemo";
				FRAMEWORK_SEARCH_PATHS = (
					"$(SDKROOT)/Developer/Library/Frameworks",
					"$(inherited)",
					"$(DEVELOPER_FRAMEWORKS_DIR)",
				);
				GCC_PRECOMPILE_PREFIX_HEADER = YES;
				GCC_PREFIX_HEADER = "iBeaconDemo/iBeaconDemo-Prefix.pch";
				GCC_PREPROCESSOR_DEFINITIONS = (
					"DEBUG=1",
					"$(inherited)",
				);
				INFOPLIST_FILE = "iBeaconDemoTests/iBeaconDemoTests-Info.plist";
				PRODUCT_NAME = "$(TARGET_NAME)";
				TEST_HOST = "$(BUNDLE_LOADER)";
				WRAPPER_EXTENSION = xctest;
			};
			name = Debug;
		};
		66436E3818E1BBD1009D9180 /* Release */ = {
			isa = XCBuildConfiguration;
			buildSettings = {
				BUNDLE_LOADER = "$(BUILT_PRODUCTS_DIR)/iBeaconDemo.app/iBeaconDemo";
				FRAMEWORK_SEARCH_PATHS = (
					"$(SDKROOT)/Developer/Library/Frameworks",
					"$(inherited)",
					"$(DEVELOPER_FRAMEWORKS_DIR)",
				);
				GCC_PRECOMPILE_PREFIX_HEADER = YES;
				GCC_PREFIX_HEADER = "iBeaconDemo/iBeaconDemo-Prefix.pch";
				INFOPLIST_FILE = "iBeaconDemoTests/iBeaconDemoTests-Info.plist";
				PRODUCT_NAME = "$(TARGET_NAME)";
				TEST_HOST = "$(BUNDLE_LOADER)";
				WRAPPER_EXTENSION = xctest;
			};
			name = Release;
		};
/* End XCBuildConfiguration section */

/* Begin XCConfigurationList section */
		66436DF918E1BBD1009D9180 /* Build configuration list for PBXProject "iBeaconDemo" */ = {
			isa = XCConfigurationList;
			buildConfigurations = (
				66436E3118E1BBD1009D9180 /* Debug */,
				66436E3218E1BBD1009D9180 /* Release */,
			);
			defaultConfigurationIsVisible = 0;
			defaultConfigurationName = Release;
		};
		66436E3318E1BBD1009D9180 /* Build configuration list for PBXNativeTarget "iBeaconDemo" */ = {
			isa = XCConfigurationList;
			buildConfigurations = (
				66436E3418E1BBD1009D9180 /* Debug */,
				66436E3518E1BBD1009D9180 /* Release */,
			);
			defaultConfigurationIsVisible = 0;
		};
		66436E3618E1BBD1009D9180 /* Build configuration list for PBXNativeTarget "iBeaconDemoTests" */ = {
			isa = XCConfigurationList;
			buildConfigurations = (
				66436E3718E1BBD1009D9180 /* Debug */,
				66436E3818E1BBD1009D9180 /* Release */,
			);
			defaultConfigurationIsVisible = 0;
		};
/* End XCConfigurationList section */
	};
	rootObject = 66436DF618E1BBD1009D9180 /* Project object */;
}
